
Microsoft Visual Studio Solution File, Format Version 12.00
# Visual Studio 14
VisualStudioVersion = 14.0.25420.1
MinimumVisualStudioVersion = 10.0.40219.1
Project("{FAE04EC0-301F-11D3-BF4B-00C04F79EFBC}") = "RDPManager", "RDPManager\RDPManager.csproj", "{7DA2D9C5-A570-47E1-8B07-7B09C2CE0CEF}"
EndProject
Global
	GlobalSection(SolutionConfigurationPlatforms) = preSolution
		Debug|Any CPU = Debug|Any CPU
		Release|Any CPU = Release|Any CPU
	EndGlobalSection
	GlobalSection(ProjectConfigurationPlatforms) = postSolution
		{7DA2D9C5-A570-47E1-8B07-7B09C2CE0CEF}.Debug|Any CPU.ActiveCfg = Debug|Any CPU
		{7DA2D9C5-A570-47E1-8B07-7B09C2CE0CEF}.Debug|Any CPU.Build.0 = Debug|Any CPU
		{7DA2D9C5-A570-47E1-8B07-7B09C2CE0CEF}.Release|Any CPU.ActiveCfg = Release|Any CPU
		{7DA2D9C5-A570-47E1-8B07-7B09C2CE0CEF}.Release|Any CPU.Build.0 = Release|Any CPU
	EndGlobalSection
	GlobalSection(SolutionProperties) = preSolution
		HideSolutionNode = FALSE
	EndGlobalSection
EndGlobal
